
Microsoft Visual Studio Solution File, Format Version 12.00
# Visual Studio Version 17
VisualStudioVersion = 17.0.31903.59
MinimumVisualStudioVersion = 10.0.40219.1
Project("{FAE04EC0-301F-11D3-BF4B-00C04F79EFBC}") = "API", "API\API.csproj", "{B2811392-C3EC-4A60-8000-E22CEE617B12}"
EndProject
Project("{FAE04EC0-301F-11D3-BF4B-00C04F79EFBC}") = "Core", "Core\Core.csproj", "{01DEFDB3-EEC2-4335-BC53-35D071128C91}"
EndProject
Project("{FAE04EC0-301F-11D3-BF4B-00C04F79EFBC}") = "Infrastructure", "Infrastructure\Infrastructure.csproj", "{E96C9073-06C7-4C08-BE61-F69807AE7B50}"
EndProject
Global
	GlobalSection(SolutionConfigurationPlatforms) = preSolution
		Debug|Any CPU = Debug|Any CPU
		Release|Any CPU = Release|Any CPU
	EndGlobalSection
	GlobalSection(SolutionProperties) = preSolution
		HideSolutionNode = FALSE
	EndGlobalSection
	GlobalSection(ProjectConfigurationPlatforms) = postSolution
		{B2811392-C3EC-4A60-8000-E22CEE617B12}.Debug|Any CPU.ActiveCfg = Debug|Any CPU
		{B2811392-C3EC-4A60-8000-E22CEE617B12}.Debug|Any CPU.Build.0 = Debug|Any CPU
		{B2811392-C3EC-4A60-8000-E22CEE617B12}.Release|Any CPU.ActiveCfg = Release|Any CPU
		{B2811392-C3EC-4A60-8000-E22CEE617B12}.Release|Any CPU.Build.0 = Release|Any CPU
		{01DEFDB3-EEC2-4335-BC53-35D071128C91}.Debug|Any CPU.ActiveCfg = Debug|Any CPU
		{01DEFDB3-EEC2-4335-BC53-35D071128C91}.Debug|Any CPU.Build.0 = Debug|Any CPU
		{01DEFDB3-EEC2-4335-BC53-35D071128C91}.Release|Any CPU.ActiveCfg = Release|Any CPU
		{01DEFDB3-EEC2-4335-BC53-35D071128C91}.Release|Any CPU.Build.0 = Release|Any CPU
		{E96C9073-06C7-4C08-BE61-F69807AE7B50}.Debug|Any CPU.ActiveCfg = Debug|Any CPU
		{E96C9073-06C7-4C08-BE61-F69807AE7B50}.Debug|Any CPU.Build.0 = Debug|Any CPU
		{E96C9073-06C7-4C08-BE61-F69807AE7B50}.Release|Any CPU.ActiveCfg = Release|Any CPU
		{E96C9073-06C7-4C08-BE61-F69807AE7B50}.Release|Any CPU.Build.0 = Release|Any CPU
	EndGlobalSection
EndGlobal
